
Microsoft Visual Studio Solution File, Format Version 12.00
# Visual Studio Version 16
VisualStudioVersion = 16.0.31624.102
MinimumVisualStudioVersion = 10.0.40219.1
Project("{FAE04EC0-301F-11D3-BF4B-00C04F79EFBC}") = "WantApp.Android", "WantApp\WantApp.Android\WantApp.Android.csproj", "{BE3FA9DB-AF37-45B8-ABF1-BBEFB63DE98A}"
EndProject
Project("{FAE04EC0-301F-11D3-BF4B-00C04F79EFBC}") = "WantApp.iOS", "WantApp\WantApp.iOS\WantApp.iOS.csproj", "{27615DAD-31D8-451A-B6E0-07297A0A56B6}"
EndProject
Project("{FAE04EC0-301F-11D3-BF4B-00C04F79EFBC}") = "WantApp", "WantApp\WantApp\WantApp.csproj", "{28CFFE6D-FB77-441B-A4FB-E1D8043FFC81}"
EndProject
Global
	GlobalSection(SolutionConfigurationPlatforms) = preSolution
		Debug|Any CPU = Debug|Any CPU
		Debug|iPhone = Debug|iPhone
		Debug|iPhoneSimulator = Debug|iPhoneSimulator
		Release|Any CPU = Release|Any CPU
		Release|iPhone = Release|iPhone
		Release|iPhoneSimulator = Release|iPhoneSimulator
	EndGlobalSection
	GlobalSection(ProjectConfigurationPlatforms) = postSolution
		{BE3FA9DB-AF37-45B8-ABF1-BBEFB63DE98A}.Debug|Any CPU.ActiveCfg = Debug|Any CPU
		{BE3FA9DB-AF37-45B8-ABF1-BBEFB63DE98A}.Debug|Any CPU.Build.0 = Debug|Any CPU
		{BE3FA9DB-AF37-45B8-ABF1-BBEFB63DE98A}.Debug|Any CPU.Deploy.0 = Debug|Any CPU
		{BE3FA9DB-AF37-45B8-ABF1-BBEFB63DE98A}.Debug|iPhone.ActiveCfg = Debug|Any CPU
		{BE3FA9DB-AF37-45B8-ABF1-BBEFB63DE98A}.Debug|iPhone.Build.0 = Debug|Any CPU
		{BE3FA9DB-AF37-45B8-ABF1-BBEFB63DE98A}.Debug|iPhone.Deploy.0 = Debug|Any CPU
		{BE3FA9DB-AF37-45B8-ABF1-BBEFB63DE98A}.Debug|iPhoneSimulator.ActiveCfg = Debug|Any CPU
		{BE3FA9DB-AF37-45B8-ABF1-BBEFB63DE98A}.Debug|iPhoneSimulator.Build.0 = Debug|Any CPU
		{BE3FA9DB-AF37-45B8-ABF1-BBEFB63DE98A}.Debug|iPhoneSimulator.Deploy.0 = Debug|Any CPU
		{BE3FA9DB-AF37-45B8-ABF1-BBEFB63DE98A}.Release|Any CPU.ActiveCfg = Release|Any CPU
		{BE3FA9DB-AF37-45B8-ABF1-BBEFB63DE98A}.Release|Any CPU.Build.0 = Release|Any CPU
		{BE3FA9DB-AF37-45B8-ABF1-BBEFB63DE98A}.Release|Any CPU.Deploy.0 = Release|Any CPU
		{BE3FA9DB-AF37-45B8-ABF1-BBEFB63DE98A}.Release|iPhone.ActiveCfg = Release|Any CPU
		{BE3FA9DB-AF37-45B8-ABF1-BBEFB63DE98A}.Release|iPhone.Build.0 = Release|Any CPU
		{BE3FA9DB-AF37-45B8-ABF1-BBEFB63DE98A}.Release|iPhone.Deploy.0 = Release|Any CPU
		{BE3FA9DB-AF37-45B8-ABF1-BBEFB63DE98A}.Release|iPhoneSimulator.ActiveCfg = Release|Any CPU
		{BE3FA9DB-AF37-45B8-ABF1-BBEFB63DE98A}.Release|iPhoneSimulator.Build.0 = Release|Any CPU
		{BE3FA9DB-AF37-45B8-ABF1-BBEFB63DE98A}.Release|iPhoneSimulator.Deploy.0 = Release|Any CPU
		{27615DAD-31D8-451A-B6E0-07297A0A56B6}.Debug|Any CPU.ActiveCfg = Debug|iPhone
		{27615DAD-31D8-451A-B6E0-07297A0A56B6}.Debug|Any CPU.Build.0 = Debug|iPhone
		{27615DAD-31D8-451A-B6E0-07297A0A56B6}.Debug|Any CPU.Deploy.0 = Debug|iPhone
		{27615DAD-31D8-451A-B6E0-07297A0A56B6}.Debug|iPhone.ActiveCfg = Debug|iPhone
		{27615DAD-31D8-451A-B6E0-07297A0A56B6}.Debug|iPhone.Build.0 = Debug|iPhone
		{27615DAD-31D8-451A-B6E0-07297A0A56B6}.Debug|iPhone.Deploy.0 = Debug|iPhone
		{27615DAD-31D8-451A-B6E0-07297A0A56B6}.Debug|iPhoneSimulator.ActiveCfg = Debug|iPhoneSimulator
		{27615DAD-31D8-451A-B6E0-07297A0A56B6}.Debug|iPhoneSimulator.Build.0 = Debug|iPhoneSimulator
		{27615DAD-31D8-451A-B6E0-07297A0A56B6}.Debug|iPhoneSimulator.Deploy.0 = Debug|iPhoneSimulator
		{27615DAD-31D8-451A-B6E0-07297A0A56B6}.Release|Any CPU.ActiveCfg = Release|iPhoneSimulator
		{27615DAD-31D8-451A-B6E0-07297A0A56B6}.Release|Any CPU.Build.0 = Release|iPhoneSimulator
		{27615DAD-31D8-451A-B6E0-07297A0A56B6}.Release|Any CPU.Deploy.0 = Release|iPhoneSimulator
		{27615DAD-31D8-451A-B6E0-07297A0A56B6}.Release|iPhone.ActiveCfg = Release|iPhone
		{27615DAD-31D8-451A-B6E0-07297A0A56B6}.Release|iPhone.Build.0 = Release|iPhone
		{27615DAD-31D8-451A-B6E0-07297A0A56B6}.Release|iPhone.Deploy.0 = Release|iPhone
		{27615DAD-31D8-451A-B6E0-07297A0A56B6}.Release|iPhoneSimulator.ActiveCfg = Release|iPhoneSimulator
		{27615DAD-31D8-451A-B6E0-07297A0A56B6}.Release|iPhoneSimulator.Build.0 = Release|iPhoneSimulator
		{27615DAD-31D8-451A-B6E0-07297A0A56B6}.Release|iPhoneSimulator.Deploy.0 = Release|iPhoneSimulator
		{28CFFE6D-FB77-441B-A4FB-E1D8043FFC81}.Debug|Any CPU.ActiveCfg = Debug|Any CPU
		{28CFFE6D-FB77-441B-A4FB-E1D8043FFC81}.Debug|Any CPU.Build.0 = Debug|Any CPU
		{28CFFE6D-FB77-441B-A4FB-E1D8043FFC81}.Debug|Any CPU.Deploy.0 = Debug|Any CPU
		{28CFFE6D-FB77-441B-A4FB-E1D8043FFC81}.Debug|iPhone.ActiveCfg = Debug|Any CPU
		{28CFFE6D-FB77-441B-A4FB-E1D8043FFC81}.Debug|iPhone.Build.0 = Debug|Any CPU
		{28CFFE6D-FB77-441B-A4FB-E1D8043FFC81}.Debug|iPhone.Deploy.0 = Debug|Any CPU
		{28CFFE6D-FB77-441B-A4FB-E1D8043FFC81}.Debug|iPhoneSimulator.ActiveCfg = Debug|Any CPU
		{28CFFE6D-FB77-441B-A4FB-E1D8043FFC81}.Debug|iPhoneSimulator.Build.0 = Debug|Any CPU
		{28CFFE6D-FB77-441B-A4FB-E1D8043FFC81}.Debug|iPhoneSimulator.Deploy.0 = Debug|Any CPU
		{28CFFE6D-FB77-441B-A4FB-E1D8043FFC81}.Release|Any CPU.ActiveCfg = Release|Any CPU
		{28CFFE6D-FB77-441B-A4FB-E1D8043FFC81}.Release|Any CPU.Build.0 = Release|Any CPU
		{28CFFE6D-FB77-441B-A4FB-E1D8043FFC81}.Release|Any CPU.Deploy.0 = Release|Any CPU
		{28CFFE6D-FB77-441B-A4FB-E1D8043FFC81}.Release|iPhone.ActiveCfg = Release|Any CPU
		{28CFFE6D-FB77-441B-A4FB-E1D8043FFC81}.Release|iPhone.Build.0 = Release|Any CPU
		{28CFFE6D-FB77-441B-A4FB-E1D8043FFC81}.Release|iPhone.Deploy.0 = Release|Any CPU
		{28CFFE6D-FB77-441B-A4FB-E1D8043FFC81}.Release|iPhoneSimulator.ActiveCfg = Release|Any CPU
		{28CFFE6D-FB77-441B-A4FB-E1D8043FFC81}.Release|iPhoneSimulator.Build.0 = Release|Any CPU
		{28CFFE6D-FB77-441B-A4FB-E1D8043FFC81}.Release|iPhoneSimulator.Deploy.0 = Release|Any CPU
	EndGlobalSection
	GlobalSection(SolutionProperties) = preSolution
		HideSolutionNode = FALSE
	EndGlobalSection
	GlobalSection(ExtensibilityGlobals) = postSolution
		SolutionGuid = {85A56A33-ABBD-400C-93F1-6AFBDB56CD8C}
	EndGlobalSection
EndGlobal
